version = 1
revision = 2
requires-python = ">=3.13"

[[package]]
name = "asgiref"
version = "3.9.1"
source = { registry = "https://pypi.org/simple" }
sdist = { url = "https://files.pythonhosted.org/packages/90/61/0aa957eec22ff70b830b22ff91f825e70e1ef732c06666a805730f28b36b/asgiref-3.9.1.tar.gz", hash = "sha256:a5ab6582236218e5ef1648f242fd9f10626cfd4de8dc377db215d5d5098e3142", size = 36870, upload-time = "2025-07-08T09:07:43.344Z" }
wheels = [
    { url = "https://files.pythonhosted.org/packages/7c/3c/0464dcada90d5da0e71018c04a140ad6349558afb30b3051b4264cc5b965/asgiref-3.9.1-py3-none-any.whl", hash = "sha256:f3bba7092a48005b5f5bacd747d36ee4a5a61f4a269a6df590b43144355ebd2c", size = 23790, upload-time = "2025-07-08T09:07:41.548Z" },
]

[[package]]
name = "bleach"
version = "6.2.0"
source = { registry = "https://pypi.org/simple" }
dependencies = [
    { name = "webencodings" },
]
sdist = { url = "https://files.pythonhosted.org/packages/76/9a/0e33f5054c54d349ea62c277191c020c2d6ef1d65ab2cb1993f91ec846d1/bleach-6.2.0.tar.gz", hash = "sha256:123e894118b8a599fd80d3ec1a6d4cc7ce4e5882b1317a7e1ba69b56e95f991f", size = 203083, upload-time = "2024-10-29T18:30:40.477Z" }
wheels = [
    { url = "https://files.pythonhosted.org/packages/fc/55/96142937f66150805c25c4d0f31ee4132fd33497753400734f9dfdcbdc66/bleach-6.2.0-py3-none-any.whl", hash = "sha256:117d9c6097a7c3d22fd578fcd8d35ff1e125df6736f554da4e432fdd63f31e5e", size = 163406, upload-time = "2024-10-29T18:30:38.186Z" },
]

[[package]]
name = "django"
version = "5.2.5"
source = { registry = "https://pypi.org/simple" }
dependencies = [
    { name = "asgiref" },
    { name = "sqlparse" },
    { name = "tzdata", marker = "sys_platform == 'win32'" },
]
sdist = { url = "https://files.pythonhosted.org/packages/62/9b/779f853c3d2d58b9e08346061ff3e331cdec3fe3f53aae509e256412a593/django-5.2.5.tar.gz", hash = "sha256:0745b25681b129a77aae3d4f6549b62d3913d74407831abaa0d9021a03954bae", size = 10859748, upload-time = "2025-08-06T08:26:29.978Z" }
wheels = [
    { url = "https://files.pythonhosted.org/packages/9d/6e/98a1d23648e0085bb5825326af17612ecd8fc76be0ce96ea4dc35e17b926/django-5.2.5-py3-none-any.whl", hash = "sha256:2b2ada0ee8a5ff743a40e2b9820d1f8e24c11bac9ae6469cd548f0057ea6ddcd", size = 8302999, upload-time = "2025-08-06T08:26:23.562Z" },
]

[[package]]
name = "django-appconf"
version = "1.1.0"
source = { registry = "https://pypi.org/simple" }
dependencies = [
    { name = "django" },
]
sdist = { url = "https://files.pythonhosted.org/packages/61/a9/dcf95ff3fa0620b6818fc02276fbbb8926e7f286039b6d015e56e8b7af39/django-appconf-1.1.0.tar.gz", hash = "sha256:9fcead372f82a0f21ee189434e7ae9c007cbb29af1118c18251720f3d06243e4", size = 15986, upload-time = "2025-02-13T16:09:40.258Z" }
wheels = [
    { url = "https://files.pythonhosted.org/packages/62/9e/f3a899991e4aaae4b69c1aa187ba4a32e34742475c91eb13010ee7fbe9db/django_appconf-1.1.0-py3-none-any.whl", hash = "sha256:7abd5a163ff57557f216e84d3ce9dac36c37ffce1ab9a044d3d53b7c943dd10f", size = 6389, upload-time = "2025-02-13T16:09:39.133Z" },
]

[[package]]
name = "django-compressor"
version = "4.5.1"
source = { registry = "https://pypi.org/simple" }
dependencies = [
    { name = "django" },
    { name = "django-appconf" },
    { name = "rcssmin" },
    { name = "rjsmin" },
]
sdist = { url = "https://files.pythonhosted.org/packages/15/30/a9994277ae05082ba5df22c5678a87082253a034927c8d9915c3bf3b8c36/django_compressor-4.5.1.tar.gz", hash = "sha256:c1d8a48a2ee4d8b7f23c411eb9c97e2d88db18a18ba1c9e8178d5f5b8366a822", size = 124734, upload-time = "2024-07-22T09:56:47.554Z" }
wheels = [
    { url = "https://files.pythonhosted.org/packages/00/d9/ac374a1f7a432230cdf4d2ffbe957fd0d4d5d6426bf4d5c17f382b0801c4/django_compressor-4.5.1-py2.py3-none-any.whl", hash = "sha256:87741edee4e7f24f3e0b8072d94a990cfb010cb2ca7cc443944da8e193cdea65", size = 145465, upload-time = "2024-07-22T09:56:45.822Z" },
]

[[package]]
name = "django-minify-html"
version = "1.12.0"
source = { registry = "https://pypi.org/simple" }
dependencies = [
    { name = "asgiref" },
    { name = "django" },
    { name = "minify-html" },
]
sdist = { url = "https://files.pythonhosted.org/packages/5f/ea/3681062a3413fbad98ad3391d151a502ef79d39075ac0e864ffc0ea4680b/django_minify_html-1.12.0.tar.gz", hash = "sha256:213bba33452b8c705e3417a98d50ec81398eda32ae658a38d630dc8ce4be784c", size = 9967, upload-time = "2025-02-06T22:15:50.407Z" }
wheels = [
    { url = "https://files.pythonhosted.org/packages/ca/a7/f1bed81420b502b701069358daa07f2d1e3e3de9c88224716cb767b0a2dc/django_minify_html-1.12.0-py3-none-any.whl", hash = "sha256:0e2abd51a954f083e5c20d6663c382d426e2a0479c60e1e6be70ea4d6b80eb7b", size = 7027, upload-time = "2025-02-06T22:15:48.552Z" },
]

[[package]]
name = "djhtml"
version = "3.0.9"
source = { registry = "https://pypi.org/simple" }
sdist = { url = "https://files.pythonhosted.org/packages/da/ad/5f36310d4306480af03a4fab7d06c2bdf94a9c35c9e2b6a1d98f2ac0036e/djhtml-3.0.9.tar.gz", hash = "sha256:b21d7e6836b5aa8fb415233eb853ad14fdc26694f19ed17158ba71c97fa23f39", size = 28351, upload-time = "2025-08-12T19:53:06.746Z" }
wheels = [
    { url = "https://files.pythonhosted.org/packages/d2/30/8c26e25e6bdb0dfd2c7bb3e7b0c7cd499a597cb720d1ea36f250e0692f46/djhtml-3.0.9-py3-none-any.whl", hash = "sha256:1bcde56d0d469546f391a269d84c71df4054c7df73ad5c51572b38a611156dc4", size = 26613, upload-time = "2025-08-14T07:17:53.531Z" },
]

[[package]]
name = "gunicorn"
version = "23.0.0"
source = { registry = "https://pypi.org/simple" }
dependencies = [
    { name = "packaging" },
]
sdist = { url = "https://files.pythonhosted.org/packages/34/72/9614c465dc206155d93eff0ca20d42e1e35afc533971379482de953521a4/gunicorn-23.0.0.tar.gz", hash = "sha256:f014447a0101dc57e294f6c18ca6b40227a4c90e9bdb586042628030cba004ec", size = 375031, upload-time = "2024-08-10T20:25:27.378Z" }
wheels = [
    { url = "https://files.pythonhosted.org/packages/cb/7d/6dac2a6e1eba33ee43f318edbed4ff29151a49b5d37f080aad1e6469bca4/gunicorn-23.0.0-py3-none-any.whl", hash = "sha256:ec400d38950de4dfd418cff8328b2c8faed0edb0d517d3394e457c317908ca4d", size = 85029, upload-time = "2024-08-10T20:25:24.996Z" },
]

[[package]]
name = "minify-html"
version = "0.16.4"
source = { registry = "https://pypi.org/simple" }
sdist = { url = "https://files.pythonhosted.org/packages/70/97/3dcc995a2b84b04826160b4918c21cf77a735aa336d8b3137f613430995f/minify_html-0.16.4.tar.gz", hash = "sha256:dd48c8ff9661a1034762402a7411b3168867a973f8fc78b09f67e81820b64d22", size = 92052, upload-time = "2025-03-22T15:29:11.877Z" }
wheels = [
    { url = "https://files.pythonhosted.org/packages/d5/fb/ecf699bc514c3778db34cdabd50481af7b8fa52273ca252efdd978069b86/minify_html-0.16.4-cp313-cp313-macosx_10_12_x86_64.whl", hash = "sha256:070301c99a5200098b587d31358944da8e67af1d6891f2601c4f7c1c6ccc7aa8", size = 2369967, upload-time = "2025-03-22T15:56:55.274Z" },
    { url = "https://files.pythonhosted.org/packages/77/3b/994668484ed677b09b3bbe2ce29faa9ac9b9d6ff77db565cd2b7f83ab260/minify_html-0.16.4-cp313-cp313-macosx_11_0_arm64.whl", hash = "sha256:fdd88cfcbe5fe3f7a5a0d606190391050085d033c52a48faf343f8689e412e73", size = 2172423, upload-time = "2025-03-22T15:39:43.504Z" },
    { url = "https://files.pythonhosted.org/packages/e0/37/e233e7c0e999539efd3597be46443fc5e42b9cb10fa0d35a096ff710c606/minify_html-0.16.4-cp313-cp313-manylinux_2_17_aarch64.manylinux2014_aarch64.whl", hash = "sha256:ce449bcdb8fd7894503bf88b676629c40cc257882adacf2e5b08b67134590db4", size = 2223115, upload-time = "2025-03-22T15:29:30.517Z" },
    { url = "https://files.pythonhosted.org/packages/d3/2b/f2b4de849fdb257d669b2593e8071aed793fedb7340412c0a472a75db70f/minify_html-0.16.4-cp313-cp313-manylinux_2_17_x86_64.manylinux2014_x86_64.whl", hash = "sha256:37f7c61cb332bf23254598644d54a34af0fb54fd043aec361eb86c7c537c7020", size = 2460819, upload-time = "2025-03-22T15:31:11.027Z" },
    { url = "https://files.pythonhosted.org/packages/cb/4c/f6488f87431442e5f5e4dadc64ab1f64d72aa107a303aaa7599063e46d65/minify_html-0.16.4-cp313-cp313-win_amd64.whl", hash = "sha256:8cdc3bdc15fc74910aea5ea428fc5c89664a7d3d91c03ae1763761a4442b8a81", size = 2443987, upload-time = "2025-03-22T15:36:36.741Z" },
]

[[package]]
name = "packaging"
version = "25.0"
source = { registry = "https://pypi.org/simple" }
sdist = { url = "https://files.pythonhosted.org/packages/a1/d4/1fc4078c65507b51b96ca8f8c3ba19e6a61c8253c72794544580a7b6c24d/packaging-25.0.tar.gz", hash = "sha256:d443872c98d677bf60f6a1f2f8c1cb748e8fe762d2bf9d3148b5599295b0fc4f", size = 165727, upload-time = "2025-04-19T11:48:59.673Z" }
wheels = [
    { url = "https://files.pythonhosted.org/packages/20/12/38679034af332785aac8774540895e234f4d07f7545804097de4b666afd8/packaging-25.0-py3-none-any.whl", hash = "sha256:29572ef2b1f17581046b3a2227d5c611fb25ec70ca1ba8554b24b0e69331a484", size = 66469, upload-time = "2025-04-19T11:48:57.875Z" },
]

[[package]]
name = "polars"
version = "1.32.3"
source = { registry = "https://pypi.org/simple" }
sdist = { url = "https://files.pythonhosted.org/packages/aa/f2/1a76a8bd902bc4942e435a480f362c8687bba60d438ff3283191e38568fa/polars-1.32.3.tar.gz", hash = "sha256:57c500dc1b5cba49b0589034478db031815f3d57a20cb830b05ecee1a9ba56b1", size = 4838448, upload-time = "2025-08-14T17:28:10.702Z" }
wheels = [
    { url = "https://files.pythonhosted.org/packages/4c/9b/5937ab9f8fa49c8e00617aeb817a5ffa5740434d5bb8a90f2afa657875aa/polars-1.32.3-cp39-abi3-macosx_10_12_x86_64.whl", hash = "sha256:c7c472ea1d50a5104079cb64e34f78f85774bcc69b875ba8daf21233f4c70d42", size = 37935794, upload-time = "2025-08-14T17:26:55.565Z" },
    { url = "https://files.pythonhosted.org/packages/6e/e9/88f5332001b9dd5c8e0a4fab51015f740e01715a081c41bc0f7ad2bf76a5/polars-1.32.3-cp39-abi3-macosx_11_0_arm64.whl", hash = "sha256:fd87275f0cc795e72a2030b58293198cfa748d4b009cf52218e27db5397ed07f", size = 34621102, upload-time = "2025-08-14T17:27:00.521Z" },
    { url = "https://files.pythonhosted.org/packages/ab/8a/6f56af7e535c34c95decc8654786bfce4632ba32817dc2f8bad18571ef9a/polars-1.32.3-cp39-abi3-manylinux_2_17_x86_64.manylinux2014_x86_64.whl", hash = "sha256:c9a9b9668ef310e5a77a7e7daa9c753874779c8da52e93f654bfd7953eb4b60b", size = 38443071, upload-time = "2025-08-14T17:27:08.382Z" },
    { url = "https://files.pythonhosted.org/packages/46/aa/63536ea5780edc0ef6850679dc81d519f3966c7bb11a5cf10ccecb541095/polars-1.32.3-cp39-abi3-manylinux_2_24_aarch64.whl", hash = "sha256:c8f5d2f43b80b68e39bfaa2948ce632563633466576f12e74e8560d6481f5851", size = 35639598, upload-time = "2025-08-14T17:27:12.261Z" },
    { url = "https://files.pythonhosted.org/packages/d7/c8/226953cda6cf9ae63aa9714d396a9138029e31db3c504c15d6711b618f8f/polars-1.32.3-cp39-abi3-win_amd64.whl", hash = "sha256:db56a7cb4898e173d62634e182f74bdff744c62be5470e0fe20df8d10f659af7", size = 38038192, upload-time = "2025-08-14T17:27:15.993Z" },
    { url = "https://files.pythonhosted.org/packages/ec/99/6b93c854e602927a778eabd7550204f700cc4e6c07be73372371583dda3e/polars-1.32.3-cp39-abi3-win_arm64.whl", hash = "sha256:a2e3f87c60f54eefe67b1bebd3105918d84df0fd6d59cc6b870c2f16d2d26ca1", size = 34198919, upload-time = "2025-08-14T17:27:21.423Z" },
]

[[package]]
name = "rapat-proglap"
version = "0.1.0"
source = { virtual = "." }
dependencies = [
    { name = "bleach" },
    { name = "django" },
    { name = "django-compressor" },
    { name = "django-minify-html" },
    { name = "djhtml" },
    { name = "gunicorn" },
    { name = "polars" },
    { name = "ruff" },
]

[package.metadata]
requires-dist = [
    { name = "bleach", specifier = ">=6.2.0" },
    { name = "django", specifier = ">=5.2.5" },
    { name = "django-compressor", specifier = ">=4.5.1" },
    { name = "django-minify-html", specifier = ">=1.12.0" },
    { name = "djhtml", specifier = ">=3.0.9" },
    { name = "gunicorn", specifier = ">=23.0.0" },
    { name = "polars", specifier = ">=1.32.3" },
    { name = "ruff", specifier = ">=0.12.9" },
]

[[package]]
name = "rcssmin"
version = "1.1.2"
source = { registry = "https://pypi.org/simple" }
sdist = { url = "https://files.pythonhosted.org/packages/ef/26/f38d49c21d933e3e4320ed31c6025c381dbd973e9936edd0af52ce521534/rcssmin-1.1.2.tar.gz", hash = "sha256:bc75eb75bd6d345c0c51fd80fc487ddd6f9fd409dd7861b3fe98dee85018e1e9", size = 582213, upload-time = "2023-10-03T19:57:48.536Z" }

[[package]]
name = "rjsmin"
version = "1.2.2"
source = { registry = "https://pypi.org/simple" }
sdist = { url = "https://files.pythonhosted.org/packages/f0/1c/c0355e8b8b8aca9c0d43519d2a7c473940deae0297ff8544eff359d7f715/rjsmin-1.2.2.tar.gz", hash = "sha256:8c1bcd821143fecf23242012b55e13610840a839cd467b358f16359010d62dae", size = 420634, upload-time = "2023-10-05T07:19:30.857Z" }

[[package]]
name = "ruff"
version = "0.12.9"
source = { registry = "https://pypi.org/simple" }
sdist = { url = "https://files.pythonhosted.org/packages/4a/45/2e403fa7007816b5fbb324cb4f8ed3c7402a927a0a0cb2b6279879a8bfdc/ruff-0.12.9.tar.gz", hash = "sha256:fbd94b2e3c623f659962934e52c2bea6fc6da11f667a427a368adaf3af2c866a", size = 5254702, upload-time = "2025-08-14T16:08:55.2Z" }
wheels = [
    { url = "https://files.pythonhosted.org/packages/ad/20/53bf098537adb7b6a97d98fcdebf6e916fcd11b2e21d15f8c171507909cc/ruff-0.12.9-py3-none-linux_armv6l.whl", hash = "sha256:fcebc6c79fcae3f220d05585229463621f5dbf24d79fdc4936d9302e177cfa3e", size = 11759705, upload-time = "2025-08-14T16:08:12.968Z" },
    { url = "https://files.pythonhosted.org/packages/20/4d/c764ee423002aac1ec66b9d541285dd29d2c0640a8086c87de59ebbe80d5/ruff-0.12.9-py3-none-macosx_10_12_x86_64.whl", hash = "sha256:aed9d15f8c5755c0e74467731a007fcad41f19bcce41cd75f768bbd687f8535f", size = 12527042, upload-time = "2025-08-14T16:08:16.54Z" },
    { url = "https://files.pythonhosted.org/packages/8b/45/cfcdf6d3eb5fc78a5b419e7e616d6ccba0013dc5b180522920af2897e1be/ruff-0.12.9-py3-none-macosx_11_0_arm64.whl", hash = "sha256:5b15ea354c6ff0d7423814ba6d44be2807644d0c05e9ed60caca87e963e93f70", size = 11724457, upload-time = "2025-08-14T16:08:18.686Z" },
    { url = "https://files.pythonhosted.org/packages/72/e6/44615c754b55662200c48bebb02196dbb14111b6e266ab071b7e7297b4ec/ruff-0.12.9-py3-none-manylinux_2_17_aarch64.manylinux2014_aarch64.whl", hash = "sha256:d596c2d0393c2502eaabfef723bd74ca35348a8dac4267d18a94910087807c53", size = 11949446, upload-time = "2025-08-14T16:08:21.059Z" },
    { url = "https://files.pythonhosted.org/packages/fd/d1/9b7d46625d617c7df520d40d5ac6cdcdf20cbccb88fad4b5ecd476a6bb8d/ruff-0.12.9-py3-none-manylinux_2_17_armv7l.manylinux2014_armv7l.whl", hash = "sha256:1b15599931a1a7a03c388b9c5df1bfa62be7ede6eb7ef753b272381f39c3d0ff", size = 11566350, upload-time = "2025-08-14T16:08:23.433Z" },
    { url = "https://files.pythonhosted.org/packages/59/20/b73132f66f2856bc29d2d263c6ca457f8476b0bbbe064dac3ac3337a270f/ruff-0.12.9-py3-none-manylinux_2_17_i686.manylinux2014_i686.whl", hash = "sha256:3d02faa2977fb6f3f32ddb7828e212b7dd499c59eb896ae6c03ea5c303575756", size = 13270430, upload-time = "2025-08-14T16:08:25.837Z" },
    { url = "https://files.pythonhosted.org/packages/a2/21/eaf3806f0a3d4c6be0a69d435646fba775b65f3f2097d54898b0fd4bb12e/ruff-0.12.9-py3-none-manylinux_2_17_ppc64.manylinux2014_ppc64.whl", hash = "sha256:17d5b6b0b3a25259b69ebcba87908496e6830e03acfb929ef9fd4c58675fa2ea", size = 14264717, upload-time = "2025-08-14T16:08:27.907Z" },
    { url = "https://files.pythonhosted.org/packages/d2/82/1d0c53bd37dcb582b2c521d352fbf4876b1e28bc0d8894344198f6c9950d/ruff-0.12.9-py3-none-manylinux_2_17_ppc64le.manylinux2014_ppc64le.whl", hash = "sha256:72db7521860e246adbb43f6ef464dd2a532ef2ef1f5dd0d470455b8d9f1773e0", size = 13684331, upload-time = "2025-08-14T16:08:30.352Z" },
    { url = "https://files.pythonhosted.org/packages/3b/2f/1c5cf6d8f656306d42a686f1e207f71d7cebdcbe7b2aa18e4e8a0cb74da3/ruff-0.12.9-py3-none-manylinux_2_17_s390x.manylinux2014_s390x.whl", hash = "sha256:a03242c1522b4e0885af63320ad754d53983c9599157ee33e77d748363c561ce", size = 12739151, upload-time = "2025-08-14T16:08:32.55Z" },
    { url = "https://files.pythonhosted.org/packages/47/09/25033198bff89b24d734e6479e39b1968e4c992e82262d61cdccaf11afb9/ruff-0.12.9-py3-none-manylinux_2_17_x86_64.manylinux2014_x86_64.whl", hash = "sha256:9fc83e4e9751e6c13b5046d7162f205d0a7bac5840183c5beebf824b08a27340", size = 12954992, upload-time = "2025-08-14T16:08:34.816Z" },
    { url = "https://files.pythonhosted.org/packages/52/8e/d0dbf2f9dca66c2d7131feefc386523404014968cd6d22f057763935ab32/ruff-0.12.9-py3-none-manylinux_2_31_riscv64.whl", hash = "sha256:881465ed56ba4dd26a691954650de6ad389a2d1fdb130fe51ff18a25639fe4bb", size = 12899569, upload-time = "2025-08-14T16:08:36.852Z" },
    { url = "https://files.pythonhosted.org/packages/a0/bd/b614d7c08515b1428ed4d3f1d4e3d687deffb2479703b90237682586fa66/ruff-0.12.9-py3-none-musllinux_1_2_aarch64.whl", hash = "sha256:43f07a3ccfc62cdb4d3a3348bf0588358a66da756aa113e071b8ca8c3b9826af", size = 11751983, upload-time = "2025-08-14T16:08:39.314Z" },
    { url = "https://files.pythonhosted.org/packages/58/d6/383e9f818a2441b1a0ed898d7875f11273f10882f997388b2b51cb2ae8b5/ruff-0.12.9-py3-none-musllinux_1_2_armv7l.whl", hash = "sha256:07adb221c54b6bba24387911e5734357f042e5669fa5718920ee728aba3cbadc", size = 11538635, upload-time = "2025-08-14T16:08:41.297Z" },
    { url = "https://files.pythonhosted.org/packages/20/9c/56f869d314edaa9fc1f491706d1d8a47747b9d714130368fbd69ce9024e9/ruff-0.12.9-py3-none-musllinux_1_2_i686.whl", hash = "sha256:f5cd34fabfdea3933ab85d72359f118035882a01bff15bd1d2b15261d85d5f66", size = 12534346, upload-time = "2025-08-14T16:08:43.39Z" },
    { url = "https://files.pythonhosted.org/packages/bd/4b/d8b95c6795a6c93b439bc913ee7a94fda42bb30a79285d47b80074003ee7/ruff-0.12.9-py3-none-musllinux_1_2_x86_64.whl", hash = "sha256:f6be1d2ca0686c54564da8e7ee9e25f93bdd6868263805f8c0b8fc6a449db6d7", size = 13017021, upload-time = "2025-08-14T16:08:45.889Z" },
    { url = "https://files.pythonhosted.org/packages/c7/c1/5f9a839a697ce1acd7af44836f7c2181cdae5accd17a5cb85fcbd694075e/ruff-0.12.9-py3-none-win32.whl", hash = "sha256:cc7a37bd2509974379d0115cc5608a1a4a6c4bff1b452ea69db83c8855d53f93", size = 11734785, upload-time = "2025-08-14T16:08:48.062Z" },
    { url = "https://files.pythonhosted.org/packages/fa/66/cdddc2d1d9a9f677520b7cfc490d234336f523d4b429c1298de359a3be08/ruff-0.12.9-py3-none-win_amd64.whl", hash = "sha256:6fb15b1977309741d7d098c8a3cb7a30bc112760a00fb6efb7abc85f00ba5908", size = 12840654, upload-time = "2025-08-14T16:08:50.158Z" },
    { url = "https://files.pythonhosted.org/packages/ac/fd/669816bc6b5b93b9586f3c1d87cd6bc05028470b3ecfebb5938252c47a35/ruff-0.12.9-py3-none-win_arm64.whl", hash = "sha256:63c8c819739d86b96d500cce885956a1a48ab056bbcbc61b747ad494b2485089", size = 11949623, upload-time = "2025-08-14T16:08:52.233Z" },
]

[[package]]
name = "sqlparse"
version = "0.5.3"
source = { registry = "https://pypi.org/simple" }
sdist = { url = "https://files.pythonhosted.org/packages/e5/40/edede8dd6977b0d3da179a342c198ed100dd2aba4be081861ee5911e4da4/sqlparse-0.5.3.tar.gz", hash = "sha256:09f67787f56a0b16ecdbde1bfc7f5d9c3371ca683cfeaa8e6ff60b4807ec9272", size = 84999, upload-time = "2024-12-10T12:05:30.728Z" }
wheels = [
    { url = "https://files.pythonhosted.org/packages/a9/5c/bfd6bd0bf979426d405cc6e71eceb8701b148b16c21d2dc3c261efc61c7b/sqlparse-0.5.3-py3-none-any.whl", hash = "sha256:cf2196ed3418f3ba5de6af7e82c694a9fbdbfecccdfc72e281548517081f16ca", size = 44415, upload-time = "2024-12-10T12:05:27.824Z" },
]

[[package]]
name = "tzdata"
version = "2025.2"
source = { registry = "https://pypi.org/simple" }
sdist = { url = "https://files.pythonhosted.org/packages/95/32/1a225d6164441be760d75c2c42e2780dc0873fe382da3e98a2e1e48361e5/tzdata-2025.2.tar.gz", hash = "sha256:b60a638fcc0daffadf82fe0f57e53d06bdec2f36c4df66280ae79bce6bd6f2b9", size = 196380, upload-time = "2025-03-23T13:54:43.652Z" }
wheels = [
    { url = "https://files.pythonhosted.org/packages/5c/23/c7abc0ca0a1526a0774eca151daeb8de62ec457e77262b66b359c3c7679e/tzdata-2025.2-py2.py3-none-any.whl", hash = "sha256:1a403fada01ff9221ca8044d701868fa132215d84beb92242d9acd2147f667a8", size = 347839, upload-time = "2025-03-23T13:54:41.845Z" },
]

[[package]]
name = "webencodings"
version = "0.5.1"
source = { registry = "https://pypi.org/simple" }
sdist = { url = "https://files.pythonhosted.org/packages/0b/02/ae6ceac1baeda530866a85075641cec12989bd8d31af6d5ab4a3e8c92f47/webencodings-0.5.1.tar.gz", hash = "sha256:b36a1c245f2d304965eb4e0a82848379241dc04b865afcc4aab16748587e1923", size = 9721, upload-time = "2017-04-05T20:21:34.189Z" }
wheels = [
    { url = "https://files.pythonhosted.org/packages/f4/24/2a3e3df732393fed8b3ebf2ec078f05546de641fe1b667ee316ec1dcf3b7/webencodings-0.5.1-py2.py3-none-any.whl", hash = "sha256:a0af1213f3c2226497a97e2b3aa01a7e4bee4f403f95be16fc9acd2947514a78", size = 11774, upload-time = "2017-04-05T20:21:32.581Z" },
]
